// !$*UTF8*$!
{
	archiveVersion = 1;
	classes = {
	};
	objectVersion = 56;
	objects = {

/* Begin PBXBuildFile section */
		3A41CBA62B6C38A800617FF9 /* LevelPreview.sks in Resources */ = {isa = PBXBuildFile; fileRef = 3A41CBA52B6C38A800617FF9 /* LevelPreview.sks */; };
		3A41CBA82B6C38AF00617FF9 /* LevelPreview.swift in Sources */ = {isa = PBXBuildFile; fileRef = 3A41CBA72B6C38AF00617FF9 /* LevelPreview.swift */; };
		3A887FFA2B5F2E3200003C67 /* MenuScene.sks in Resources */ = {isa = PBXBuildFile; fileRef = 3A887FF92B5F2E3200003C67 /* MenuScene.sks */; };
		3A887FFC2B5F2FC200003C67 /* MenuScene.swift in Sources */ = {isa = PBXBuildFile; fileRef = 3A887FFB2B5F2FC200003C67 /* MenuScene.swift */; };
		3A887FFE2B5F358200003C67 /* LevelSelect.sks in Resources */ = {isa = PBXBuildFile; fileRef = 3A887FFD2B5F358200003C67 /* LevelSelect.sks */; };
		3A8880032B5F35D400003C67 /* LevelSelect.swift in Sources */ = {isa = PBXBuildFile; fileRef = 3A8880022B5F35D400003C67 /* LevelSelect.swift */; };
		3AAE46FF2B5D7B320077A856 /* AppDelegate.swift in Sources */ = {isa = PBXBuildFile; fileRef = 3AAE46FE2B5D7B320077A856 /* AppDelegate.swift */; };
		3AAE47012B5D7B320077A856 /* GameScene.sks in Resources */ = {isa = PBXBuildFile; fileRef = 3AAE47002B5D7B320077A856 /* GameScene.sks */; };
		3AAE47052B5D7B320077A856 /* GameScene.swift in Sources */ = {isa = PBXBuildFile; fileRef = 3AAE47042B5D7B320077A856 /* GameScene.swift */; };
		3AAE47072B5D7B320077A856 /* GameViewController.swift in Sources */ = {isa = PBXBuildFile; fileRef = 3AAE47062B5D7B320077A856 /* GameViewController.swift */; };
		3AAE470A2B5D7B320077A856 /* Main.storyboard in Resources */ = {isa = PBXBuildFile; fileRef = 3AAE47082B5D7B320077A856 /* Main.storyboard */; };
		3AAE470C2B5D7B330077A856 /* Assets.xcassets in Resources */ = {isa = PBXBuildFile; fileRef = 3AAE470B2B5D7B330077A856 /* Assets.xcassets */; };
		3AAE470F2B5D7B330077A856 /* LaunchScreen.storyboard in Resources */ = {isa = PBXBuildFile; fileRef = 3AAE470D2B5D7B330077A856 /* LaunchScreen.storyboard */; };
		3AB4F8F22B69759700D771CF /* WorldSelect.sks in Resources */ = {isa = PBXBuildFile; fileRef = 3AB4F8F12B69759700D771CF /* WorldSelect.sks */; };
		3AB4F8F42B69759F00D771CF /* WorldSelect.swift in Sources */ = {isa = PBXBuildFile; fileRef = 3AB4F8F32B69759F00D771CF /* WorldSelect.swift */; };
		3AB4F8F82B6981FD00D771CF /* GameOver.sks in Resources */ = {isa = PBXBuildFile; fileRef = 3AB4F8F72B6981FD00D771CF /* GameOver.sks */; };
		3AB4F8FA2B69820B00D771CF /* GameOver.swift in Sources */ = {isa = PBXBuildFile; fileRef = 3AB4F8F92B69820B00D771CF /* GameOver.swift */; };
		3AB4F8FD2B6ACEB200D771CF /* LevelComplete.sks in Resources */ = {isa = PBXBuildFile; fileRef = 3AB4F8FC2B6ACEB200D771CF /* LevelComplete.sks */; };
		3AB4F8FF2B6ACEBB00D771CF /* LevelComplete.swift in Sources */ = {isa = PBXBuildFile; fileRef = 3AB4F8FE2B6ACEBB00D771CF /* LevelComplete.swift */; };
/* End PBXBuildFile section */

/* Begin PBXFileReference section */
		3A41CBA52B6C38A800617FF9 /* LevelPreview.sks */ = {isa = PBXFileReference; lastKnownFileType = file.sks; path = LevelPreview.sks; sourceTree = "<group>"; };
		3A41CBA72B6C38AF00617FF9 /* LevelPreview.swift */ = {isa = PBXFileReference; lastKnownFileType = sourcecode.swift; path = LevelPreview.swift; sourceTree = "<group>"; };
		3A887FF92B5F2E3200003C67 /* MenuScene.sks */ = {isa = PBXFileReference; lastKnownFileType = file.sks; path = MenuScene.sks; sourceTree = "<group>"; };
		3A887FFB2B5F2FC200003C67 /* MenuScene.swift */ = {isa = PBXFileReference; lastKnownFileType = sourcecode.swift; path = MenuScene.swift; sourceTree = "<group>"; };
		3A887FFD2B5F358200003C67 /* LevelSelect.sks */ = {isa = PBXFileReference; lastKnownFileType = file.sks; path = LevelSelect.sks; sourceTree = "<group>"; };
		3A8880022B5F35D400003C67 /* LevelSelect.swift */ = {isa = PBXFileReference; lastKnownFileType = sourcecode.swift; path = LevelSelect.swift; sourceTree = "<group>"; };
		3AAE46FB2B5D7B320077A856 /* Recylce2.app */ = {isa = PBXFileReference; explicitFileType = wrapper.application; includeInIndex = 0; path = Recylce2.app; sourceTree = BUILT_PRODUCTS_DIR; };
		3AAE46FE2B5D7B320077A856 /* AppDelegate.swift */ = {isa = PBXFileReference; lastKnownFileType = sourcecode.swift; path = AppDelegate.swift; sourceTree = "<group>"; };
		3AAE47002B5D7B320077A856 /* GameScene.sks */ = {isa = PBXFileReference; lastKnownFileType = file.sks; path = GameScene.sks; sourceTree = "<group>"; };
		3AAE47042B5D7B320077A856 /* GameScene.swift */ = {isa = PBXFileReference; lastKnownFileType = sourcecode.swift; path = GameScene.swift; sourceTree = "<group>"; };
		3AAE47062B5D7B320077A856 /* GameViewController.swift */ = {isa = PBXFileReference; lastKnownFileType = sourcecode.swift; path = GameViewController.swift; sourceTree = "<group>"; };
		3AAE47092B5D7B320077A856 /* Base */ = {isa = PBXFileReference; lastKnownFileType = file.storyboard; name = Base; path = Base.lproj/Main.storyboard; sourceTree = "<group>"; };
		3AAE470B2B5D7B330077A856 /* Assets.xcassets */ = {isa = PBXFileReference; lastKnownFileType = folder.assetcatalog; path = Assets.xcassets; sourceTree = "<group>"; };
		3AAE470E2B5D7B330077A856 /* Base */ = {isa = PBXFileReference; lastKnownFileType = file.storyboard; name = Base; path = Base.lproj/LaunchScreen.storyboard; sourceTree = "<group>"; };
		3AB4F8F12B69759700D771CF /* WorldSelect.sks */ = {isa = PBXFileReference; lastKnownFileType = file.sks; path = WorldSelect.sks; sourceTree = "<group>"; };
		3AB4F8F32B69759F00D771CF /* WorldSelect.swift */ = {isa = PBXFileReference; lastKnownFileType = sourcecode.swift; path = WorldSelect.swift; sourceTree = "<group>"; };
		3AB4F8F72B6981FD00D771CF /* GameOver.sks */ = {isa = PBXFileReference; lastKnownFileType = file.sks; path = GameOver.sks; sourceTree = "<group>"; };
		3AB4F8F92B69820B00D771CF /* GameOver.swift */ = {isa = PBXFileReference; lastKnownFileType = sourcecode.swift; path = GameOver.swift; sourceTree = "<group>"; };
		3AB4F8FC2B6ACEB200D771CF /* LevelComplete.sks */ = {isa = PBXFileReference; lastKnownFileType = file.sks; path = LevelComplete.sks; sourceTree = "<group>"; };
		3AB4F8FE2B6ACEBB00D771CF /* LevelComplete.swift */ = {isa = PBXFileReference; lastKnownFileType = sourcecode.swift; path = LevelComplete.swift; sourceTree = "<group>"; };
/* End PBXFileReference section */

/* Begin PBXFrameworksBuildPhase section */
		3AAE46F82B5D7B320077A856 /* Frameworks */ = {
			isa = PBXFrameworksBuildPhase;
			buildActionMask = 2147483647;
			files = (
			);
			runOnlyForDeploymentPostprocessing = 0;
		};
/* End PBXFrameworksBuildPhase section */

/* Begin PBXGroup section */
		3A41CBAA2B6C38DB00617FF9 /* LevelPreview */ = {
			isa = PBXGroup;
			children = (
				3A41CBA52B6C38A800617FF9 /* LevelPreview.sks */,
				3A41CBA72B6C38AF00617FF9 /* LevelPreview.swift */,
			);
			path = LevelPreview;
			sourceTree = "<group>";
		};
		3A8880002B5F359900003C67 /* Menu */ = {
			isa = PBXGroup;
			children = (
				3A887FF92B5F2E3200003C67 /* MenuScene.sks */,
				3A887FFB2B5F2FC200003C67 /* MenuScene.swift */,
			);
			path = Menu;
			sourceTree = "<group>";
		};
		3A8880012B5F35A800003C67 /* Game */ = {
			isa = PBXGroup;
			children = (
				3AAE47002B5D7B320077A856 /* GameScene.sks */,
				3AAE47042B5D7B320077A856 /* GameScene.swift */,
			);
			path = Game;
			sourceTree = "<group>";
		};
		3A8880042B5F35DD00003C67 /* LevelSelect */ = {
			isa = PBXGroup;
			children = (
				3A887FFD2B5F358200003C67 /* LevelSelect.sks */,
				3A8880022B5F35D400003C67 /* LevelSelect.swift */,
			);
			path = LevelSelect;
			sourceTree = "<group>";
		};
		3AAE46F22B5D7B320077A856 = {
			isa = PBXGroup;
			children = (
				3AAE46FD2B5D7B320077A856 /* Recylce2 */,
				3AAE46FC2B5D7B320077A856 /* Products */,
			);
			sourceTree = "<group>";
		};
		3AAE46FC2B5D7B320077A856 /* Products */ = {
			isa = PBXGroup;
			children = (
				3AAE46FB2B5D7B320077A856 /* Recylce2.app */,
			);
			name = Products;
			sourceTree = "<group>";
		};
		3AAE46FD2B5D7B320077A856 /* Recylce2 */ = {
			isa = PBXGroup;
			children = (
				3AAE46FE2B5D7B320077A856 /* AppDelegate.swift */,
				3AAE47062B5D7B320077A856 /* GameViewController.swift */,
				3A8880002B5F359900003C67 /* Menu */,
				3A41CBAA2B6C38DB00617FF9 /* LevelPreview */,
				3AB4F8F52B6975F200D771CF /* WorldSelect */,
				3A8880012B5F35A800003C67 /* Game */,
				3A8880042B5F35DD00003C67 /* LevelSelect */,
				3AB4F8FB2B6982F300D771CF /* GameOver */,
				3AB4F9012B6ACEDE00D771CF /* LevelComplete */,
				3AAE47082B5D7B320077A856 /* Main.storyboard */,
				3AAE470B2B5D7B330077A856 /* Assets.xcassets */,
				3AAE470D2B5D7B330077A856 /* LaunchScreen.storyboard */,
			);
			path = Recylce2;
			sourceTree = "<group>";
		};
		3AB4F8F52B6975F200D771CF /* WorldSelect */ = {
			isa = PBXGroup;
			children = (
				3AB4F8F32B69759F00D771CF /* WorldSelect.swift */,
				3AB4F8F12B69759700D771CF /* WorldSelect.sks */,
			);
			path = WorldSelect;
			sourceTree = "<group>";
		};
		3AB4F8FB2B6982F300D771CF /* GameOver */ = {
			isa = PBXGroup;
			children = (
				3AB4F8F72B6981FD00D771CF /* GameOver.sks */,
				3AB4F8F92B69820B00D771CF /* GameOver.swift */,
			);
			path = GameOver;
			sourceTree = "<group>";
		};
		3AB4F9012B6ACEDE00D771CF /* LevelComplete */ = {
			isa = PBXGroup;
			children = (
				3AB4F8FE2B6ACEBB00D771CF /* LevelComplete.swift */,
				3AB4F8FC2B6ACEB200D771CF /* LevelComplete.sks */,
			);
			path = LevelComplete;
			sourceTree = "<group>";
		};
/* End PBXGroup section */

/* Begin PBXNativeTarget section */
		3AAE46FA2B5D7B320077A856 /* Recylce2 */ = {
			isa = PBXNativeTarget;
			buildConfigurationList = 3AAE47122B5D7B330077A856 /* Build configuration list for PBXNativeTarget "Recylce2" */;
			buildPhases = (
				3AAE46F72B5D7B320077A856 /* Sources */,
				3AAE46F82B5D7B320077A856 /* Frameworks */,
				3AAE46F92B5D7B320077A856 /* Resources */,
			);
			buildRules = (
			);
			dependencies = (
			);
			name = Recylce2;
			productName = Recylce2;
			productReference = 3AAE46FB2B5D7B320077A856 /* Recylce2.app */;
			productType = "com.apple.product-type.application";
		};
/* End PBXNativeTarget section */

/* Begin PBXProject section */
		3AAE46F32B5D7B320077A856 /* Project object */ = {
			isa = PBXProject;
			attributes = {
				BuildIndependentTargetsInParallel = 1;
				LastSwiftUpdateCheck = 1500;
				LastUpgradeCheck = 1500;
				TargetAttributes = {
					3AAE46FA2B5D7B320077A856 = {
						CreatedOnToolsVersion = 15.0.1;
					};
				};
			};
			buildConfigurationList = 3AAE46F62B5D7B320077A856 /* Build configuration list for PBXProject "Recylce2" */;
			compatibilityVersion = "Xcode 14.0";
			developmentRegion = en;
			hasScannedForEncodings = 0;
			knownRegions = (
				en,
				Base,
			);
			mainGroup = 3AAE46F22B5D7B320077A856;
			productRefGroup = 3AAE46FC2B5D7B320077A856 /* Products */;
			projectDirPath = "";
			projectRoot = "";
			targets = (
				3AAE46FA2B5D7B320077A856 /* Recylce2 */,
			);
		};
/* End PBXProject section */

/* Begin PBXResourcesBuildPhase section */
		3AAE46F92B5D7B320077A856 /* Resources */ = {
			isa = PBXResourcesBuildPhase;
			buildActionMask = 2147483647;
			files = (
				3AB4F8F22B69759700D771CF /* WorldSelect.sks in Resources */,
				3AB4F8F82B6981FD00D771CF /* GameOver.sks in Resources */,
				3AAE470A2B5D7B320077A856 /* Main.storyboard in Resources */,
				3A41CBA62B6C38A800617FF9 /* LevelPreview.sks in Resources */,
				3AAE47012B5D7B320077A856 /* GameScene.sks in Resources */,
				3A887FFE2B5F358200003C67 /* LevelSelect.sks in Resources */,
				3AB4F8FD2B6ACEB200D771CF /* LevelComplete.sks in Resources */,
				3AAE470C2B5D7B330077A856 /* Assets.xcassets in Resources */,
				3A887FFA2B5F2E3200003C67 /* MenuScene.sks in Resources */,
				3AAE470F2B5D7B330077A856 /* LaunchScreen.storyboard in Resources */,
			);
			runOnlyForDeploymentPostprocessing = 0;
		};
/* End PBXResourcesBuildPhase section */

/* Begin PBXSourcesBuildPhase section */
		3AAE46F72B5D7B320077A856 /* Sources */ = {
			isa = PBXSourcesBuildPhase;
			buildActionMask = 2147483647;
			files = (
				3AB4F8F42B69759F00D771CF /* WorldSelect.swift in Sources */,
				3AAE47052B5D7B320077A856 /* GameScene.swift in Sources */,
				3AB4F8FA2B69820B00D771CF /* GameOver.swift in Sources */,
				3A887FFC2B5F2FC200003C67 /* MenuScene.swift in Sources */,
				3A8880032B5F35D400003C67 /* LevelSelect.swift in Sources */,
				3AAE47072B5D7B320077A856 /* GameViewController.swift in Sources */,
				3AAE46FF2B5D7B320077A856 /* AppDelegate.swift in Sources */,
				3AB4F8FF2B6ACEBB00D771CF /* LevelComplete.swift in Sources */,
				3A41CBA82B6C38AF00617FF9 /* LevelPreview.swift in Sources */,
			);
			runOnlyForDeploymentPostprocessing = 0;
		};
/* End PBXSourcesBuildPhase section */

/* Begin PBXVariantGroup section */
		3AAE47082B5D7B320077A856 /* Main.storyboard */ = {
			isa = PBXVariantGroup;
			children = (
				3AAE47092B5D7B320077A856 /* Base */,
			);
			name = Main.storyboard;
			sourceTree = "<group>";
		};
		3AAE470D2B5D7B330077A856 /* LaunchScreen.storyboard */ = {
			isa = PBXVariantGroup;
			children = (
				3AAE470E2B5D7B330077A856 /* Base */,
			);
			name = LaunchScreen.storyboard;
			sourceTree = "<group>";
		};
/* End PBXVariantGroup section */

/* Begin XCBuildConfiguration section */
		3AAE47102B5D7B330077A856 /* Debug */ = {
			isa = XCBuildConfiguration;
			buildSettings = {
				ALWAYS_SEARCH_USER_PATHS = NO;
				ASSETCATALOG_COMPILER_GENERATE_SWIFT_ASSET_SYMBOL_EXTENSIONS = YES;
				CLANG_ANALYZER_NONNULL = YES;
				CLANG_ANALYZER_NUMBER_OBJECT_CONVERSION = YES_AGGRESSIVE;
				CLANG_CXX_LANGUAGE_STANDARD = "gnu++20";
				CLANG_ENABLE_MODULES = YES;
				CLANG_ENABLE_OBJC_ARC = YES;
				CLANG_ENABLE_OBJC_WEAK = YES;
				CLANG_WARN_BLOCK_CAPTURE_AUTORELEASING = YES;
				CLANG_WARN_BOOL_CONVERSION = YES;
				CLANG_WARN_COMMA = YES;
				CLANG_WARN_CONSTANT_CONVERSION = YES;
				CLANG_WARN_DEPRECATED_OBJC_IMPLEMENTATIONS = YES;
				CLANG_WARN_DIRECT_OBJC_ISA_USAGE = YES_ERROR;
				CLANG_WARN_DOCUMENTATION_COMMENTS = YES;
				CLANG_WARN_EMPTY_BODY = YES;
				CLANG_WARN_ENUM_CONVERSION = YES;
				CLANG_WARN_INFINITE_RECURSION = YES;
				CLANG_WARN_INT_CONVERSION = YES;
				CLANG_WARN_NON_LITERAL_NULL_CONVERSION = YES;
				CLANG_WARN_OBJC_IMPLICIT_RETAIN_SELF = YES;
				CLANG_WARN_OBJC_LITERAL_CONVERSION = YES;
				CLANG_WARN_OBJC_ROOT_CLASS = YES_ERROR;
				CLANG_WARN_QUOTED_INCLUDE_IN_FRAMEWORK_HEADER = YES;
				CLANG_WARN_RANGE_LOOP_ANALYSIS = YES;
				CLANG_WARN_STRICT_PROTOTYPES = YES;
				CLANG_WARN_SUSPICIOUS_MOVE = YES;
				CLANG_WARN_UNGUARDED_AVAILABILITY = YES_AGGRESSIVE;
				CLANG_WARN_UNREACHABLE_CODE = YES;
				CLANG_WARN__DUPLICATE_METHOD_MATCH = YES;
				COPY_PHASE_STRIP = NO;
				DEBUG_INFORMATION_FORMAT = dwarf;
				ENABLE_STRICT_OBJC_MSGSEND = YES;
				ENABLE_TESTABILITY = YES;
				ENABLE_USER_SCRIPT_SANDBOXING = YES;
				GCC_C_LANGUAGE_STANDARD = gnu17;
				GCC_DYNAMIC_NO_PIC = NO;
				GCC_NO_COMMON_BLOCKS = YES;
				GCC_OPTIMIZATION_LEVEL = 0;
				GCC_PREPROCESSOR_DEFINITIONS = (
					"DEBUG=1",
					"$(inherited)",
				);
				GCC_WARN_64_TO_32_BIT_CONVERSION = YES;
				GCC_WARN_ABOUT_RETURN_TYPE = YES_ERROR;
				GCC_WARN_UNDECLARED_SELECTOR = YES;
				GCC_WARN_UNINITIALIZED_AUTOS = YES_AGGRESSIVE;
				GCC_WARN_UNUSED_FUNCTION = YES;
				GCC_WARN_UNUSED_VARIABLE = YES;
				IPHONEOS_DEPLOYMENT_TARGET = 17.0;
				LOCALIZATION_PREFERS_STRING_CATALOGS = YES;
				MTL_ENABLE_DEBUG_INFO = INCLUDE_SOURCE;
				MTL_FAST_MATH = YES;
				ONLY_ACTIVE_ARCH = YES;
				SDKROOT = iphoneos;
				SWIFT_ACTIVE_COMPILATION_CONDITIONS = "DEBUG $(inherited)";
				SWIFT_OPTIMIZATION_LEVEL = "-Onone";
			};
			name = Debug;
		};
		3AAE47112B5D7B330077A856 /* Release */ = {
			isa = XCBuildConfiguration;
			buildSettings = {
				ALWAYS_SEARCH_USER_PATHS = NO;
				ASSETCATALOG_COMPILER_GENERATE_SWIFT_ASSET_SYMBOL_EXTENSIONS = YES;
				CLANG_ANALYZER_NONNULL = YES;
				CLANG_ANALYZER_NUMBER_OBJECT_CONVERSION = YES_AGGRESSIVE;
				CLANG_CXX_LANGUAGE_STANDARD = "gnu++20";
				CLANG_ENABLE_MODULES = YES;
				CLANG_ENABLE_OBJC_ARC = YES;
				CLANG_ENABLE_OBJC_WEAK = YES;
				CLANG_WARN_BLOCK_CAPTURE_AUTORELEASING = YES;
				CLANG_WARN_BOOL_CONVERSION = YES;
				CLANG_WARN_COMMA = YES;
				CLANG_WARN_CONSTANT_CONVERSION = YES;
				CLANG_WARN_DEPRECATED_OBJC_IMPLEMENTATIONS = YES;
				CLANG_WARN_DIRECT_OBJC_ISA_USAGE = YES_ERROR;
				CLANG_WARN_DOCUMENTATION_COMMENTS = YES;
				CLANG_WARN_EMPTY_BODY = YES;
				CLANG_WARN_ENUM_CONVERSION = YES;
				CLANG_WARN_INFINITE_RECURSION = YES;
				CLANG_WARN_INT_CONVERSION = YES;
				CLANG_WARN_NON_LITERAL_NULL_CONVERSION = YES;
				CLANG_WARN_OBJC_IMPLICIT_RETAIN_SELF = YES;
				CLANG_WARN_OBJC_LITERAL_CONVERSION = YES;
				CLANG_WARN_OBJC_ROOT_CLASS = YES_ERROR;
				CLANG_WARN_QUOTED_INCLUDE_IN_FRAMEWORK_HEADER = YES;
				CLANG_WARN_RANGE_LOOP_ANALYSIS = YES;
				CLANG_WARN_STRICT_PROTOTYPES = YES;
				CLANG_WARN_SUSPICIOUS_MOVE = YES;
				CLANG_WARN_UNGUARDED_AVAILABILITY = YES_AGGRESSIVE;
				CLANG_WARN_UNREACHABLE_CODE = YES;
				CLANG_WARN__DUPLICATE_METHOD_MATCH = YES;
				COPY_PHASE_STRIP = NO;
				DEBUG_INFORMATION_FORMAT = "dwarf-with-dsym";
				ENABLE_NS_ASSERTIONS = NO;
				ENABLE_STRICT_OBJC_MSGSEND = YES;
				ENABLE_USER_SCRIPT_SANDBOXING = YES;
				GCC_C_LANGUAGE_STANDARD = gnu17;
				GCC_NO_COMMON_BLOCKS = YES;
				GCC_WARN_64_TO_32_BIT_CONVERSION = YES;
				GCC_WARN_ABOUT_RETURN_TYPE = YES_ERROR;
				GCC_WARN_UNDECLARED_SELECTOR = YES;
				GCC_WARN_UNINITIALIZED_AUTOS = YES_AGGRESSIVE;
				GCC_WARN_UNUSED_FUNCTION = YES;
				GCC_WARN_UNUSED_VARIABLE = YES;
				IPHONEOS_DEPLOYMENT_TARGET = 17.0;
				LOCALIZATION_PREFERS_STRING_CATALOGS = YES;
				MTL_ENABLE_DEBUG_INFO = NO;
				MTL_FAST_MATH = YES;
				SDKROOT = iphoneos;
				SWIFT_COMPILATION_MODE = wholemodule;
				VALIDATE_PRODUCT = YES;
			};
			name = Release;
		};
		3AAE47132B5D7B330077A856 /* Debug */ = {
			isa = XCBuildConfiguration;
			buildSettings = {
				ASSETCATALOG_COMPILER_APPICON_NAME = AppIcon;
				ASSETCATALOG_COMPILER_GLOBAL_ACCENT_COLOR_NAME = AccentColor;
				CODE_SIGN_STYLE = Automatic;
				CURRENT_PROJECT_VERSION = 1;
				DEVELOPMENT_TEAM = 2X9S683H4Y;
				GENERATE_INFOPLIST_FILE = YES;
				INFOPLIST_KEY_UIApplicationSupportsIndirectInputEvents = YES;
				INFOPLIST_KEY_UILaunchStoryboardName = LaunchScreen;
				INFOPLIST_KEY_UIMainStoryboardFile = Main;
				INFOPLIST_KEY_UIStatusBarHidden = YES;
				INFOPLIST_KEY_UISupportedInterfaceOrientations_iPad = "UIInterfaceOrientationPortrait UIInterfaceOrientationPortraitUpsideDown UIInterfaceOrientationLandscapeLeft UIInterfaceOrientationLandscapeRight";
				INFOPLIST_KEY_UISupportedInterfaceOrientations_iPhone = "UIInterfaceOrientationPortrait UIInterfaceOrientationLandscapeLeft UIInterfaceOrientationLandscapeRight";
				LD_RUNPATH_SEARCH_PATHS = (
					"$(inherited)",
					"@executable_path/Frameworks",
				);
				MARKETING_VERSION = 1.0;
				PRODUCT_BUNDLE_IDENTIFIER = CW.Recylce2;
				PRODUCT_NAME = "$(TARGET_NAME)";
				SWIFT_EMIT_LOC_STRINGS = YES;
				SWIFT_VERSION = 5.0;
				TARGETED_DEVICE_FAMILY = "1,2";
			};
			name = Debug;
		};
		3AAE47142B5D7B330077A856 /* Release */ = {
			isa = XCBuildConfiguration;
			buildSettings = {
				ASSETCATALOG_COMPILER_APPICON_NAME = AppIcon;
				ASSETCATALOG_COMPILER_GLOBAL_ACCENT_COLOR_NAME = AccentColor;
				CODE_SIGN_STYLE = Automatic;
				CURRENT_PROJECT_VERSION = 1;
				DEVELOPMENT_TEAM = 2X9S683H4Y;
				GENERATE_INFOPLIST_FILE = YES;
				INFOPLIST_KEY_UIApplicationSupportsIndirectInputEvents = YES;
				INFOPLIST_KEY_UILaunchStoryboardName = LaunchScreen;
				INFOPLIST_KEY_UIMainStoryboardFile = Main;
				INFOPLIST_KEY_UIStatusBarHidden = YES;
				INFOPLIST_KEY_UISupportedInterfaceOrientations_iPad = "UIInterfaceOrientationPortrait UIInterfaceOrientationPortraitUpsideDown UIInterfaceOrientationLandscapeLeft UIInterfaceOrientationLandscapeRight";
				INFOPLIST_KEY_UISupportedInterfaceOrientations_iPhone = "UIInterfaceOrientationPortrait UIInterfaceOrientationLandscapeLeft UIInterfaceOrientationLandscapeRight";
				LD_RUNPATH_SEARCH_PATHS = (
					"$(inherited)",
					"@executable_path/Frameworks",
				);
				MARKETING_VERSION = 1.0;
				PRODUCT_BUNDLE_IDENTIFIER = CW.Recylce2;
				PRODUCT_NAME = "$(TARGET_NAME)";
				SWIFT_EMIT_LOC_STRINGS = YES;
				SWIFT_VERSION = 5.0;
				TARGETED_DEVICE_FAMILY = "1,2";
			};
			name = Release;
		};
/* End XCBuildConfiguration section */

/* Begin XCConfigurationList section */
		3AAE46F62B5D7B320077A856 /* Build configuration list for PBXProject "Recylce2" */ = {
			isa = XCConfigurationList;
			buildConfigurations = (
				3AAE47102B5D7B330077A856 /* Debug */,
				3AAE47112B5D7B330077A856 /* Release */,
			);
			defaultConfigurationIsVisible = 0;
			defaultConfigurationName = Release;
		};
		3AAE47122B5D7B330077A856 /* Build configuration list for PBXNativeTarget "Recylce2" */ = {
			isa = XCConfigurationList;
			buildConfigurations = (
				3AAE47132B5D7B330077A856 /* Debug */,
				3AAE47142B5D7B330077A856 /* Release */,
			);
			defaultConfigurationIsVisible = 0;
			defaultConfigurationName = Release;
		};
/* End XCConfigurationList section */
	};
	rootObject = 3AAE46F32B5D7B320077A856 /* Project object */;
}
